{
  "lockfile-version": 1,
  "manifest": {
    "version": 1,
    "install": {
      "nodejs": {
        "pkg-path": "nodejs"
      }
    },
    "hook": {},
    "profile": {},
    "options": {}
  },
  "packages": [
    {
      "attr_path": "nodejs",
      "broken": false,
      "derivation": "/nix/store/0crxy15p6jx6v6zc9vdvvhacx50dyy5f-nodejs-24.12.0.drv",
      "description": "Event-driven I/O framework for the V8 JavaScript engine",
      "install_id": "nodejs",
      "license": "MIT",
      "locked_url": "https://github.com/flox/nixpkgs?rev=3497aa5c9457a9d88d71fa93a4a8368816fbeeba",
      "name": "nodejs-24.12.0",
      "pname": "nodejs",
      "rev": "3497aa5c9457a9d88d71fa93a4a8368816fbeeba",
      "rev_count": 924538,
      "rev_date": "2026-01-08T17:13:37Z",
      "scrape_date": "2026-01-10T02:57:14.552470Z",
      "stabilities": [
        "unstable"
      ],
      "unfree": false,
      "version": "24.12.0",
      "outputs_to_install": [
        "out"
      ],
      "outputs": {
        "dev": "/nix/store/y4517nm523fa98f6rgbdmz9132vrv6vn-nodejs-24.12.0-dev",
        "libv8": "/nix/store/9a86b1m0hnmjl2sicwn9zd54nixfj4zn-nodejs-24.12.0-libv8",
        "out": "/nix/store/q446nk1273bnmphpd5pbw397qxj6x084-nodejs-24.12.0"
      },
      "system": "aarch64-darwin",
      "group": "toplevel",
      "priority": 5
    },
    {
      "attr_path": "nodejs",
      "broken": false,
      "derivation": "/nix/store/6qdkgx54jv0rq505bdsir8088plwxzb0-nodejs-24.12.0.drv",
      "description": "Event-driven I/O framework for the V8 JavaScript engine",
      "install_id": "nodejs",
      "license": "MIT",
      "locked_url": "https://github.com/flox/nixpkgs?rev=3497aa5c9457a9d88d71fa93a4a8368816fbeeba",
      "name": "nodejs-24.12.0",
      "pname": "nodejs",
      "rev": "3497aa5c9457a9d88d71fa93a4a8368816fbeeba",
      "rev_count": 924538,
      "rev_date": "2026-01-08T17:13:37Z",
      "scrape_date": "2026-01-10T03:13:31.090604Z",
      "stabilities": [
        "unstable"
      ],
      "unfree": false,
      "version": "24.12.0",
      "outputs_to_install": [
        "out"
      ],
      "outputs": {
        "dev": "/nix/store/xi4jjajzf908i6w064nklr3py5s0i4wp-nodejs-24.12.0-dev",
        "libv8": "/nix/store/znwf19i1zcv8nsxisa51bw3b1kaipkw9-nodejs-24.12.0-libv8",
        "out": "/nix/store/dvcc9hh5ia62x2r44zcgsz5gic5yzi3j-nodejs-24.12.0"
      },
      "system": "aarch64-linux",
      "group": "toplevel",
      "priority": 5
    },
    {
      "attr_path": "nodejs",
      "broken": false,
      "derivation": "/nix/store/mqhn7randw3yrjyf5mpkb5xk1zmncbpb-nodejs-24.12.0.drv",
      "description": "Event-driven I/O framework for the V8 JavaScript engine",
      "install_id": "nodejs",
      "license": "MIT",
      "locked_url": "https://github.com/flox/nixpkgs?rev=3497aa5c9457a9d88d71fa93a4a8368816fbeeba",
      "name": "nodejs-24.12.0",
      "pname": "nodejs",
      "rev": "3497aa5c9457a9d88d71fa93a4a8368816fbeeba",
      "rev_count": 924538,
      "rev_date": "2026-01-08T17:13:37Z",
      "scrape_date": "2026-01-10T03:24:06.665107Z",
      "stabilities": [
        "unstable"
      ],
      "unfree": false,
      "version": "24.12.0",
      "outputs_to_install": [
        "out"
      ],
      "outputs": {
        "dev": "/nix/store/almxqkc9vjzqclb80ii5hh6k20dm4gwq-nodejs-24.12.0-dev",
        "libv8": "/nix/store/mshbd7yawhywp07l6h6zgbfqarv2ad83-nodejs-24.12.0-libv8",
        "out": "/nix/store/1j9jzwfgh2cl4j9sfv37wkm1g1qg5c7i-nodejs-24.12.0"
      },
      "system": "x86_64-darwin",
      "group": "toplevel",
      "priority": 5
    },
    {
      "attr_path": "nodejs",
      "broken": false,
      "derivation": "/nix/store/2kqxghz3iq35znn9nlbxbqg1g3mmdfgb-nodejs-24.12.0.drv",
      "description": "Event-driven I/O framework for the V8 JavaScript engine",
      "install_id": "nodejs",
      "license": "MIT",
      "locked_url": "https://github.com/flox/nixpkgs?rev=3497aa5c9457a9d88d71fa93a4a8368816fbeeba",
      "name": "nodejs-24.12.0",
      "pname": "nodejs",
      "rev": "3497aa5c9457a9d88d71fa93a4a8368816fbeeba",
      "rev_count": 924538,
      "rev_date": "2026-01-08T17:13:37Z",
      "scrape_date": "2026-01-10T03:34:30.743069Z",
      "stabilities": [
        "unstable"
      ],
      "unfree": false,
      "version": "24.12.0",
      "outputs_to_install": [
        "out"
      ],
      "outputs": {
        "dev": "/nix/store/y4a1pyqcjhp281krkg0zf3d5bga1pbfy-nodejs-24.12.0-dev",
        "libv8": "/nix/store/0hq6zscpapk7h148zv5c2wqwnvy5pdr4-nodejs-24.12.0-libv8",
        "out": "/nix/store/cikdc61gfwvdma6y0p9b5d5d448aqcv6-nodejs-24.12.0"
      },
      "system": "x86_64-linux",
      "group": "toplevel",
      "priority": 5
    }
  ]
}
